// !$*UTF8*$!
{
	archiveVersion = 1;
	classes = {
	};
	objectVersion = 77;
	objects = {

/* Begin PBXBuildFile section */
		07806ACEA0EF2B68FD157CDE /* WelcomeView.swift in Sources */ = {isa = PBXBuildFile; fileRef = 77D9F6751C81BBE3FD563CD6 /* WelcomeView.swift */; };
		081E25CC92A9D5B14A2176A2 /* ContentView.swift in Sources */ = {isa = PBXBuildFile; fileRef = AE55DE936539C8E01FDE7FA2 /* ContentView.swift */; };
		306853D80ABE4264013C8F85 /* DogSize.swift in Sources */ = {isa = PBXBuildFile; fileRef = 2D6EC987F7F5B521B5A21EC0 /* DogSize.swift */; };
		32BBC486106969FC7245E321 /* DogSensitivity.swift in Sources */ = {isa = PBXBuildFile; fileRef = 410F165054CF1F10D1468EFF /* DogSensitivity.swift */; };
		44CBA6A32A15F25027DF79BE /* ScheduleType.swift in Sources */ = {isa = PBXBuildFile; fileRef = D96538B09D06C1C599A7EAF3 /* ScheduleType.swift */; };
		482B591B142762FF5787FEA1 /* WalkLog.swift in Sources */ = {isa = PBXBuildFile; fileRef = 5F18D394004C836C29E408DB /* WalkLog.swift */; };
		F15D30FB0DF54645A3A3102D /* WeatherSnapshot.swift in Sources */ = {isa = PBXBuildFile; fileRef = D62F657D70654D4FBA98D4E0 /* WeatherSnapshot.swift */; };
		5399979D0B9A21246C43C7FB /* BreedSeed.swift in Sources */ = {isa = PBXBuildFile; fileRef = CBFC7E8D1899E00A6B1D4DA1 /* BreedSeed.swift */; };
		5CF0E7BFE4040423D6470DEA /* FirebaseAuth in Frameworks */ = {isa = PBXBuildFile; productRef = 3B4C1002778B17BA4908884F /* FirebaseAuth */; };
		5EBCA42B6FAF29AF3D7707E7 /* GoogleSignInSwift in Frameworks */ = {isa = PBXBuildFile; productRef = 1B89264ED8427AA1884CD79F /* GoogleSignInSwift */; };
		60B25700BBDC3827983C1C78 /* DogHealthCondition.swift in Sources */ = {isa = PBXBuildFile; fileRef = 3FC3E7F05244CAB76171BA2F /* DogHealthCondition.swift */; };
		68810A17CF43DD098FB67B14 /* GoogleService-Info.plist in Resources */ = {isa = PBXBuildFile; fileRef = 2A917DB645E6DBBCF3EDE40A /* GoogleService-Info.plist */; };
		7A35111EF487198C58F2924A /* Dog.swift in Sources */ = {isa = PBXBuildFile; fileRef = 25D48835BD25A6C1134D6631 /* Dog.swift */; };
		A1D67C5F4F1ADE433691C959 /* SteeleWalkerApp.swift in Sources */ = {isa = PBXBuildFile; fileRef = 549608D907F1538F4C89D967 /* SteeleWalkerApp.swift */; };
		A7AA1BB324B7A8063EE2D5B4 /* GoogleSignIn in Frameworks */ = {isa = PBXBuildFile; productRef = 12B20A4263C999B1E03D4BCF /* GoogleSignIn */; };
		AE127B2882F7DB3C7A5995B0 /* Breed.swift in Sources */ = {isa = PBXBuildFile; fileRef = 0F3AD94294FE6F03F86C8264 /* Breed.swift */; };
		B3F1CE4541CCD733DF02B660 /* WalkingSchedule.swift in Sources */ = {isa = PBXBuildFile; fileRef = 0960F7E13B1BC4D95EE9201A /* WalkingSchedule.swift */; };
		BDD95CB815AD426DBA8AE2C3 /* FirebaseFirestore in Frameworks */ = {isa = PBXBuildFile; productRef = A0C475790AF84CCDDA031B1D /* FirebaseFirestore */; };
		D8BE0F6A5C82A83386FF3928 /* User.swift in Sources */ = {isa = PBXBuildFile; fileRef = 1C6C9F7084D398676FC6B33B /* User.swift */; };
		D93EE62F879C20B1E3A46545 /* ScheduledWalk.swift in Sources */ = {isa = PBXBuildFile; fileRef = 664E978CE6C730F6578E65F1 /* ScheduledWalk.swift */; };
		FDEAB3F80BCDD66541C3819F /* AuthViewModel.swift in Sources */ = {isa = PBXBuildFile; fileRef = 5724537BE21CFDEEAE533C83 /* AuthViewModel.swift */; };
		BB1122334455667788990022 /* ScheduledWalkStatus.swift in Sources */ = {isa = PBXBuildFile; fileRef = AA1122334455667788990011 /* ScheduledWalkStatus.swift */; };
		DD1122334455667788990044 /* CRUDDebugView.swift in Sources */ = {isa = PBXBuildFile; fileRef = CC1122334455667788990033 /* CRUDDebugView.swift */; };
		001122334455667788990077 /* DogService.swift in Sources */ = {isa = PBXBuildFile; fileRef = FF1122334455667788990066 /* DogService.swift */; };
		221122334455667788990099 /* ScheduledWalkService.swift in Sources */ = {isa = PBXBuildFile; fileRef = 111122334455667788990088 /* ScheduledWalkService.swift */; };
		4411223344556677889900BB /* UserService.swift in Sources */ = {isa = PBXBuildFile; fileRef = 3311223344556677889900AA /* UserService.swift */; };
		6611223344556677889900DD /* WalkLogService.swift in Sources */ = {isa = PBXBuildFile; fileRef = 5511223344556677889900CC /* WalkLogService.swift */; };
		8811223344556677889900FF /* WalkingScheduleService.swift in Sources */ = {isa = PBXBuildFile; fileRef = 7711223344556677889900EE /* WalkingScheduleService.swift */; };
/* End PBXBuildFile section */

/* Begin PBXFileReference section */
		0960F7E13B1BC4D95EE9201A /* WalkingSchedule.swift */ = {isa = PBXFileReference; lastKnownFileType = sourcecode.swift; path = WalkingSchedule.swift; sourceTree = "<group>"; };
		0F3AD94294FE6F03F86C8264 /* Breed.swift */ = {isa = PBXFileReference; lastKnownFileType = sourcecode.swift; path = Breed.swift; sourceTree = "<group>"; };
		1C6C9F7084D398676FC6B33B /* User.swift */ = {isa = PBXFileReference; lastKnownFileType = sourcecode.swift; path = User.swift; sourceTree = "<group>"; };
		25D48835BD25A6C1134D6631 /* Dog.swift */ = {isa = PBXFileReference; lastKnownFileType = sourcecode.swift; path = Dog.swift; sourceTree = "<group>"; };
		2A917DB645E6DBBCF3EDE40A /* GoogleService-Info.plist */ = {isa = PBXFileReference; lastKnownFileType = text.plist; path = "GoogleService-Info.plist"; sourceTree = "<group>"; };
		2D6EC987F7F5B521B5A21EC0 /* DogSize.swift */ = {isa = PBXFileReference; lastKnownFileType = sourcecode.swift; path = DogSize.swift; sourceTree = "<group>"; };
		3A405F675662BE99640B4CEA /* SteeleWalker.entitlements */ = {isa = PBXFileReference; lastKnownFileType = text.plist.entitlements; path = SteeleWalker.entitlements; sourceTree = "<group>"; };
		3FC3E7F05244CAB76171BA2F /* DogHealthCondition.swift */ = {isa = PBXFileReference; lastKnownFileType = sourcecode.swift; path = DogHealthCondition.swift; sourceTree = "<group>"; };
		410F165054CF1F10D1468EFF /* DogSensitivity.swift */ = {isa = PBXFileReference; lastKnownFileType = sourcecode.swift; path = DogSensitivity.swift; sourceTree = "<group>"; };
		50DC0B2D01CA58CE966D1812 /* Info.plist */ = {isa = PBXFileReference; lastKnownFileType = text.plist; path = Info.plist; sourceTree = "<group>"; };
		549608D907F1538F4C89D967 /* SteeleWalkerApp.swift */ = {isa = PBXFileReference; lastKnownFileType = sourcecode.swift; path = SteeleWalkerApp.swift; sourceTree = "<group>"; };
		5724537BE21CFDEEAE533C83 /* AuthViewModel.swift */ = {isa = PBXFileReference; lastKnownFileType = sourcecode.swift; path = AuthViewModel.swift; sourceTree = "<group>"; };
		5F18D394004C836C29E408DB /* WalkLog.swift */ = {isa = PBXFileReference; lastKnownFileType = sourcecode.swift; path = WalkLog.swift; sourceTree = "<group>"; };
		D62F657D70654D4FBA98D4E0 /* WeatherSnapshot.swift */ = {isa = PBXFileReference; lastKnownFileType = sourcecode.swift; path = WeatherSnapshot.swift; sourceTree = "<group>"; };
		664E978CE6C730F6578E65F1 /* ScheduledWalk.swift */ = {isa = PBXFileReference; lastKnownFileType = sourcecode.swift; path = ScheduledWalk.swift; sourceTree = "<group>"; };
		77D9F6751C81BBE3FD563CD6 /* WelcomeView.swift */ = {isa = PBXFileReference; lastKnownFileType = sourcecode.swift; path = WelcomeView.swift; sourceTree = "<group>"; };
		AE55DE936539C8E01FDE7FA2 /* ContentView.swift */ = {isa = PBXFileReference; lastKnownFileType = sourcecode.swift; path = ContentView.swift; sourceTree = "<group>"; };
		B1DDEDAF5272443634E862C9 /* SteeleWalker.app */ = {isa = PBXFileReference; includeInIndex = 0; lastKnownFileType = wrapper.application; path = SteeleWalker.app; sourceTree = BUILT_PRODUCTS_DIR; };
		CBFC7E8D1899E00A6B1D4DA1 /* BreedSeed.swift */ = {isa = PBXFileReference; lastKnownFileType = sourcecode.swift; path = BreedSeed.swift; sourceTree = "<group>"; };
		D96538B09D06C1C599A7EAF3 /* ScheduleType.swift */ = {isa = PBXFileReference; lastKnownFileType = sourcecode.swift; path = ScheduleType.swift; sourceTree = "<group>"; };
		AA1122334455667788990011 /* ScheduledWalkStatus.swift */ = {isa = PBXFileReference; lastKnownFileType = sourcecode.swift; path = ScheduledWalkStatus.swift; sourceTree = "<group>"; };
		CC1122334455667788990033 /* CRUDDebugView.swift */ = {isa = PBXFileReference; lastKnownFileType = sourcecode.swift; path = CRUDDebugView.swift; sourceTree = "<group>"; };
		FF1122334455667788990066 /* DogService.swift */ = {isa = PBXFileReference; lastKnownFileType = sourcecode.swift; path = DogService.swift; sourceTree = "<group>"; };
		111122334455667788990088 /* ScheduledWalkService.swift */ = {isa = PBXFileReference; lastKnownFileType = sourcecode.swift; path = ScheduledWalkService.swift; sourceTree = "<group>"; };
		3311223344556677889900AA /* UserService.swift */ = {isa = PBXFileReference; lastKnownFileType = sourcecode.swift; path = UserService.swift; sourceTree = "<group>"; };
		5511223344556677889900CC /* WalkLogService.swift */ = {isa = PBXFileReference; lastKnownFileType = sourcecode.swift; path = WalkLogService.swift; sourceTree = "<group>"; };
		7711223344556677889900EE /* WalkingScheduleService.swift */ = {isa = PBXFileReference; lastKnownFileType = sourcecode.swift; path = WalkingScheduleService.swift; sourceTree = "<group>"; };
/* End PBXFileReference section */

/* Begin PBXFrameworksBuildPhase section */
		55D5E2F7F574DA3BF38BC629 /* Frameworks */ = {
			isa = PBXFrameworksBuildPhase;
			buildActionMask = 2147483647;
			files = (
				BDD95CB815AD426DBA8AE2C3 /* FirebaseFirestore in Frameworks */,
				5CF0E7BFE4040423D6470DEA /* FirebaseAuth in Frameworks */,
				A7AA1BB324B7A8063EE2D5B4 /* GoogleSignIn in Frameworks */,
				5EBCA42B6FAF29AF3D7707E7 /* GoogleSignInSwift in Frameworks */,
			);
			runOnlyForDeploymentPostprocessing = 0;
		};
/* End PBXFrameworksBuildPhase section */

/* Begin PBXGroup section */
		0352BD5AF503CE6127EC051B = {
			isa = PBXGroup;
			children = (
				7D3CF6C3B165B5F9A58EDCCA /* SteeleWalker */,
				56509D9DD9ABDF3B07333EED /* Products */,
			);
			sourceTree = "<group>";
		};
		0BB47A1B2F3C80E55D7A3C27 /* Views */ = {
			isa = PBXGroup;
			children = (
				77D9F6751C81BBE3FD563CD6 /* WelcomeView.swift */,
			);
			path = Views;
			sourceTree = "<group>";
		};
		379DD54CEF725AD99F5076BC /* Auth */ = {
			isa = PBXGroup;
			children = (
				5724537BE21CFDEEAE533C83 /* AuthViewModel.swift */,
			);
			path = Auth;
			sourceTree = "<group>";
		};
		56509D9DD9ABDF3B07333EED /* Products */ = {
			isa = PBXGroup;
			children = (
				B1DDEDAF5272443634E862C9 /* SteeleWalker.app */,
			);
			name = Products;
			sourceTree = "<group>";
		};
		7D3CF6C3B165B5F9A58EDCCA /* SteeleWalker */ = {
			isa = PBXGroup;
			children = (
				AE55DE936539C8E01FDE7FA2 /* ContentView.swift */,
				2A917DB645E6DBBCF3EDE40A /* GoogleService-Info.plist */,
				50DC0B2D01CA58CE966D1812 /* Info.plist */,
				3A405F675662BE99640B4CEA /* SteeleWalker.entitlements */,
				549608D907F1538F4C89D967 /* SteeleWalkerApp.swift */,
				379DD54CEF725AD99F5076BC /* Auth */,
				B7396CEDE99B0718F102AD5A /* Models */,
				F3E1B98A64680D9A14B61349 /* Seeds */,
				0BB47A1B2F3C80E55D7A3C27 /* Views */,
				EE1122334455667788990055 /* Debug */,
				9911223344556677889900AA /* Services */,
			);
			path = SteeleWalker;
			sourceTree = "<group>";
		};
		8A631A2E0FFAC3AC1CCB2D6E /* Enums */ = {
			isa = PBXGroup;
			children = (
				3FC3E7F05244CAB76171BA2F /* DogHealthCondition.swift */,
				410F165054CF1F10D1468EFF /* DogSensitivity.swift */,
				2D6EC987F7F5B521B5A21EC0 /* DogSize.swift */,
				D96538B09D06C1C599A7EAF3 /* ScheduleType.swift */,
				AA1122334455667788990011 /* ScheduledWalkStatus.swift */,
			);
			path = Enums;
			sourceTree = "<group>";
		};
		B7396CEDE99B0718F102AD5A /* Models */ = {
			isa = PBXGroup;
			children = (
				0F3AD94294FE6F03F86C8264 /* Breed.swift */,
				25D48835BD25A6C1134D6631 /* Dog.swift */,
				664E978CE6C730F6578E65F1 /* ScheduledWalk.swift */,
				1C6C9F7084D398676FC6B33B /* User.swift */,
				0960F7E13B1BC4D95EE9201A /* WalkingSchedule.swift */,
				5F18D394004C836C29E408DB /* WalkLog.swift */,
			D62F657D70654D4FBA98D4E0 /* WeatherSnapshot.swift */,
				8A631A2E0FFAC3AC1CCB2D6E /* Enums */,
			);
			path = Models;
			sourceTree = "<group>";
		};
		F3E1B98A64680D9A14B61349 /* Seeds */ = {
			isa = PBXGroup;
			children = (
				CBFC7E8D1899E00A6B1D4DA1 /* BreedSeed.swift */,
			);
			path = Seeds;
			sourceTree = "<group>";
		};
		EE1122334455667788990055 /* Debug */ = {
			isa = PBXGroup;
			children = (
				CC1122334455667788990033 /* CRUDDebugView.swift */,
			);
			path = Debug;
			sourceTree = "<group>";
		};
		9911223344556677889900AA /* Services */ = {
			isa = PBXGroup;
			children = (
				FF1122334455667788990066 /* DogService.swift */,
				111122334455667788990088 /* ScheduledWalkService.swift */,
				3311223344556677889900AA /* UserService.swift */,
				5511223344556677889900CC /* WalkLogService.swift */,
				7711223344556677889900EE /* WalkingScheduleService.swift */,
			);
			path = Services;
			sourceTree = "<group>";
		};
/* End PBXGroup section */

/* Begin PBXNativeTarget section */
		9BA0719587FE6EDC60D280FE /* SteeleWalker */ = {
			isa = PBXNativeTarget;
			buildConfigurationList = 3E171CD553B33FB826F7CC8F /* Build configuration list for PBXNativeTarget "SteeleWalker" */;
			buildPhases = (
				3EA1CA971316C2F8B2FDEE86 /* Sources */,
				3EA8CB4B3E35EDBC5E3311B3 /* Resources */,
				55D5E2F7F574DA3BF38BC629 /* Frameworks */,
			);
			buildRules = (
			);
			dependencies = (
			);
			name = SteeleWalker;
			packageProductDependencies = (
				A0C475790AF84CCDDA031B1D /* FirebaseFirestore */,
				3B4C1002778B17BA4908884F /* FirebaseAuth */,
				12B20A4263C999B1E03D4BCF /* GoogleSignIn */,
				1B89264ED8427AA1884CD79F /* GoogleSignInSwift */,
			);
			productName = SteeleWalker;
			productReference = B1DDEDAF5272443634E862C9 /* SteeleWalker.app */;
			productType = "com.apple.product-type.application";
		};
/* End PBXNativeTarget section */

/* Begin PBXProject section */
		5BC1290848A7ED6AB3139E40 /* Project object */ = {
			isa = PBXProject;
			attributes = {
				BuildIndependentTargetsInParallel = YES;
				LastUpgradeCheck = 1500;
			};
			buildConfigurationList = 60C26AC40D27C8F5559D5885 /* Build configuration list for PBXProject "SteeleWalker" */;
			compatibilityVersion = "Xcode 14.0";
			developmentRegion = en;
			hasScannedForEncodings = 0;
			knownRegions = (
				Base,
				en,
			);
			mainGroup = 0352BD5AF503CE6127EC051B;
			minimizedProjectReferenceProxies = 1;
			packageReferences = (
				831362213CA78E09E3445E0D /* XCRemoteSwiftPackageReference "firebase-ios-sdk" */,
				6CAD4019157881CB311D02B4 /* XCRemoteSwiftPackageReference "GoogleSignIn-iOS" */,
			);
			preferredProjectObjectVersion = 77;
			projectDirPath = "";
			projectRoot = "";
			targets = (
				9BA0719587FE6EDC60D280FE /* SteeleWalker */,
			);
		};
/* End PBXProject section */

/* Begin PBXResourcesBuildPhase section */
		3EA8CB4B3E35EDBC5E3311B3 /* Resources */ = {
			isa = PBXResourcesBuildPhase;
			buildActionMask = 2147483647;
			files = (
				68810A17CF43DD098FB67B14 /* GoogleService-Info.plist in Resources */,
			);
			runOnlyForDeploymentPostprocessing = 0;
		};
/* End PBXResourcesBuildPhase section */

/* Begin PBXSourcesBuildPhase section */
		3EA1CA971316C2F8B2FDEE86 /* Sources */ = {
			isa = PBXSourcesBuildPhase;
			buildActionMask = 2147483647;
			files = (
				FDEAB3F80BCDD66541C3819F /* AuthViewModel.swift in Sources */,
				AE127B2882F7DB3C7A5995B0 /* Breed.swift in Sources */,
				5399979D0B9A21246C43C7FB /* BreedSeed.swift in Sources */,
				081E25CC92A9D5B14A2176A2 /* ContentView.swift in Sources */,
				7A35111EF487198C58F2924A /* Dog.swift in Sources */,
				60B25700BBDC3827983C1C78 /* DogHealthCondition.swift in Sources */,
				32BBC486106969FC7245E321 /* DogSensitivity.swift in Sources */,
				306853D80ABE4264013C8F85 /* DogSize.swift in Sources */,
				44CBA6A32A15F25027DF79BE /* ScheduleType.swift in Sources */,
				D93EE62F879C20B1E3A46545 /* ScheduledWalk.swift in Sources */,
				A1D67C5F4F1ADE433691C959 /* SteeleWalkerApp.swift in Sources */,
				D8BE0F6A5C82A83386FF3928 /* User.swift in Sources */,
				482B591B142762FF5787FEA1 /* WalkLog.swift in Sources */,
			F15D30FB0DF54645A3A3102D /* WeatherSnapshot.swift in Sources */,
				B3F1CE4541CCD733DF02B660 /* WalkingSchedule.swift in Sources */,
				07806ACEA0EF2B68FD157CDE /* WelcomeView.swift in Sources */,
				BB1122334455667788990022 /* ScheduledWalkStatus.swift in Sources */,
				DD1122334455667788990044 /* CRUDDebugView.swift in Sources */,
				001122334455667788990077 /* DogService.swift in Sources */,
				221122334455667788990099 /* ScheduledWalkService.swift in Sources */,
				4411223344556677889900BB /* UserService.swift in Sources */,
				6611223344556677889900DD /* WalkLogService.swift in Sources */,
				8811223344556677889900FF /* WalkingScheduleService.swift in Sources */,
			);
			runOnlyForDeploymentPostprocessing = 0;
		};
/* End PBXSourcesBuildPhase section */

/* Begin XCBuildConfiguration section */
		202D0A6B47F457A602B92CC3 /* Release */ = {
			isa = XCBuildConfiguration;
			buildSettings = {
				ALWAYS_SEARCH_USER_PATHS = NO;
				CLANG_ANALYZER_NONNULL = YES;
				CLANG_ANALYZER_NUMBER_OBJECT_CONVERSION = YES_AGGRESSIVE;
				CLANG_CXX_LANGUAGE_STANDARD = "gnu++14";
				CLANG_CXX_LIBRARY = "libc++";
				CLANG_ENABLE_MODULES = YES;
				CLANG_ENABLE_OBJC_ARC = YES;
				CLANG_ENABLE_OBJC_WEAK = YES;
				CLANG_WARN_BLOCK_CAPTURE_AUTORELEASING = YES;
				CLANG_WARN_BOOL_CONVERSION = YES;
				CLANG_WARN_COMMA = YES;
				CLANG_WARN_CONSTANT_CONVERSION = YES;
				CLANG_WARN_DEPRECATED_OBJC_IMPLEMENTATIONS = YES;
				CLANG_WARN_DIRECT_OBJC_ISA_USAGE = YES_ERROR;
				CLANG_WARN_DOCUMENTATION_COMMENTS = YES;
				CLANG_WARN_EMPTY_BODY = YES;
				CLANG_WARN_ENUM_CONVERSION = YES;
				CLANG_WARN_INFINITE_RECURSION = YES;
				CLANG_WARN_INT_CONVERSION = YES;
				CLANG_WARN_NON_LITERAL_NULL_CONVERSION = YES;
				CLANG_WARN_OBJC_IMPLICIT_RETAIN_SELF = YES;
				CLANG_WARN_OBJC_LITERAL_CONVERSION = YES;
				CLANG_WARN_OBJC_ROOT_CLASS = YES_ERROR;
				CLANG_WARN_QUOTED_INCLUDE_IN_FRAMEWORK_HEADER = YES;
				CLANG_WARN_RANGE_LOOP_ANALYSIS = YES;
				CLANG_WARN_STRICT_PROTOTYPES = YES;
				CLANG_WARN_SUSPICIOUS_MOVE = YES;
				CLANG_WARN_UNGUARDED_AVAILABILITY = YES_AGGRESSIVE;
				CLANG_WARN_UNREACHABLE_CODE = YES;
				CLANG_WARN__DUPLICATE_METHOD_MATCH = YES;
				COPY_PHASE_STRIP = NO;
				DEBUG_INFORMATION_FORMAT = "dwarf-with-dsym";
				ENABLE_NS_ASSERTIONS = NO;
				ENABLE_STRICT_OBJC_MSGSEND = YES;
				GCC_C_LANGUAGE_STANDARD = gnu11;
				GCC_NO_COMMON_BLOCKS = YES;
				GCC_WARN_64_TO_32_BIT_CONVERSION = YES;
				GCC_WARN_ABOUT_RETURN_TYPE = YES_ERROR;
				GCC_WARN_UNDECLARED_SELECTOR = YES;
				GCC_WARN_UNINITIALIZED_AUTOS = YES_AGGRESSIVE;
				GCC_WARN_UNUSED_FUNCTION = YES;
				GCC_WARN_UNUSED_VARIABLE = YES;
				IPHONEOS_DEPLOYMENT_TARGET = 16.0;
				MTL_ENABLE_DEBUG_INFO = NO;
				MTL_FAST_MATH = YES;
				PRODUCT_NAME = "$(TARGET_NAME)";
				SDKROOT = iphoneos;
				SWIFT_COMPILATION_MODE = wholemodule;
				SWIFT_OPTIMIZATION_LEVEL = "-O";
				SWIFT_VERSION = 5.0;
			};
			name = Release;
		};
		353CC6C0C29110FB833568D3 /* Debug */ = {
			isa = XCBuildConfiguration;
			buildSettings = {
				ALWAYS_SEARCH_USER_PATHS = NO;
				CLANG_ANALYZER_NONNULL = YES;
				CLANG_ANALYZER_NUMBER_OBJECT_CONVERSION = YES_AGGRESSIVE;
				CLANG_CXX_LANGUAGE_STANDARD = "gnu++14";
				CLANG_CXX_LIBRARY = "libc++";
				CLANG_ENABLE_MODULES = YES;
				CLANG_ENABLE_OBJC_ARC = YES;
				CLANG_ENABLE_OBJC_WEAK = YES;
				CLANG_WARN_BLOCK_CAPTURE_AUTORELEASING = YES;
				CLANG_WARN_BOOL_CONVERSION = YES;
				CLANG_WARN_COMMA = YES;
				CLANG_WARN_CONSTANT_CONVERSION = YES;
				CLANG_WARN_DEPRECATED_OBJC_IMPLEMENTATIONS = YES;
				CLANG_WARN_DIRECT_OBJC_ISA_USAGE = YES_ERROR;
				CLANG_WARN_DOCUMENTATION_COMMENTS = YES;
				CLANG_WARN_EMPTY_BODY = YES;
				CLANG_WARN_ENUM_CONVERSION = YES;
				CLANG_WARN_INFINITE_RECURSION = YES;
				CLANG_WARN_INT_CONVERSION = YES;
				CLANG_WARN_NON_LITERAL_NULL_CONVERSION = YES;
				CLANG_WARN_OBJC_IMPLICIT_RETAIN_SELF = YES;
				CLANG_WARN_OBJC_LITERAL_CONVERSION = YES;
				CLANG_WARN_OBJC_ROOT_CLASS = YES_ERROR;
				CLANG_WARN_QUOTED_INCLUDE_IN_FRAMEWORK_HEADER = YES;
				CLANG_WARN_RANGE_LOOP_ANALYSIS = YES;
				CLANG_WARN_STRICT_PROTOTYPES = YES;
				CLANG_WARN_SUSPICIOUS_MOVE = YES;
				CLANG_WARN_UNGUARDED_AVAILABILITY = YES_AGGRESSIVE;
				CLANG_WARN_UNREACHABLE_CODE = YES;
				CLANG_WARN__DUPLICATE_METHOD_MATCH = YES;
				COPY_PHASE_STRIP = NO;
				DEBUG_INFORMATION_FORMAT = dwarf;
				ENABLE_STRICT_OBJC_MSGSEND = YES;
				ENABLE_TESTABILITY = YES;
				GCC_C_LANGUAGE_STANDARD = gnu11;
				GCC_DYNAMIC_NO_PIC = NO;
				GCC_NO_COMMON_BLOCKS = YES;
				GCC_OPTIMIZATION_LEVEL = 0;
				GCC_PREPROCESSOR_DEFINITIONS = (
					"$(inherited)",
					"DEBUG=1",
				);
				GCC_WARN_64_TO_32_BIT_CONVERSION = YES;
				GCC_WARN_ABOUT_RETURN_TYPE = YES_ERROR;
				GCC_WARN_UNDECLARED_SELECTOR = YES;
				GCC_WARN_UNINITIALIZED_AUTOS = YES_AGGRESSIVE;
				GCC_WARN_UNUSED_FUNCTION = YES;
				GCC_WARN_UNUSED_VARIABLE = YES;
				IPHONEOS_DEPLOYMENT_TARGET = 16.0;
				MTL_ENABLE_DEBUG_INFO = INCLUDE_SOURCE;
				MTL_FAST_MATH = YES;
				ONLY_ACTIVE_ARCH = YES;
				PRODUCT_NAME = "$(TARGET_NAME)";
				SDKROOT = iphoneos;
				SWIFT_ACTIVE_COMPILATION_CONDITIONS = DEBUG;
				SWIFT_OPTIMIZATION_LEVEL = "-Onone";
				SWIFT_VERSION = 5.0;
			};
			name = Debug;
		};
		6F088A6EDD42FB0C0C6C6FCF /* Release */ = {
			isa = XCBuildConfiguration;
			buildSettings = {
				ASSETCATALOG_COMPILER_APPICON_NAME = AppIcon;
				CODE_SIGN_ENTITLEMENTS = SteeleWalker/SteeleWalker.entitlements;
				CODE_SIGN_IDENTITY = "iPhone Developer";
				INFOPLIST_FILE = SteeleWalker/Info.plist;
				IPHONEOS_DEPLOYMENT_TARGET = 16.0;
				LD_RUNPATH_SEARCH_PATHS = (
					"$(inherited)",
					"@executable_path/Frameworks",
				);
				PRODUCT_BUNDLE_IDENTIFIER = com.steelewalker.app;
				SDKROOT = iphoneos;
				SWIFT_VERSION = 5.9;
				TARGETED_DEVICE_FAMILY = "1,2";
			};
			name = Release;
		};
		EB034EE5E24E4BFA4A5C901B /* Debug */ = {
			isa = XCBuildConfiguration;
			buildSettings = {
				ASSETCATALOG_COMPILER_APPICON_NAME = AppIcon;
				CODE_SIGN_ENTITLEMENTS = SteeleWalker/SteeleWalker.entitlements;
				CODE_SIGN_IDENTITY = "iPhone Developer";
				INFOPLIST_FILE = SteeleWalker/Info.plist;
				IPHONEOS_DEPLOYMENT_TARGET = 16.0;
				LD_RUNPATH_SEARCH_PATHS = (
					"$(inherited)",
					"@executable_path/Frameworks",
				);
				PRODUCT_BUNDLE_IDENTIFIER = com.steelewalker.app;
				SDKROOT = iphoneos;
				SWIFT_VERSION = 5.9;
				TARGETED_DEVICE_FAMILY = "1,2";
			};
			name = Debug;
		};
/* End XCBuildConfiguration section */

/* Begin XCConfigurationList section */
		3E171CD553B33FB826F7CC8F /* Build configuration list for PBXNativeTarget "SteeleWalker" */ = {
			isa = XCConfigurationList;
			buildConfigurations = (
				EB034EE5E24E4BFA4A5C901B /* Debug */,
				6F088A6EDD42FB0C0C6C6FCF /* Release */,
			);
			defaultConfigurationIsVisible = 0;
			defaultConfigurationName = Debug;
		};
		60C26AC40D27C8F5559D5885 /* Build configuration list for PBXProject "SteeleWalker" */ = {
			isa = XCConfigurationList;
			buildConfigurations = (
				353CC6C0C29110FB833568D3 /* Debug */,
				202D0A6B47F457A602B92CC3 /* Release */,
			);
			defaultConfigurationIsVisible = 0;
			defaultConfigurationName = Debug;
		};
/* End XCConfigurationList section */

/* Begin XCRemoteSwiftPackageReference section */
		6CAD4019157881CB311D02B4 /* XCRemoteSwiftPackageReference "GoogleSignIn-iOS" */ = {
			isa = XCRemoteSwiftPackageReference;
			repositoryURL = "https://github.com/google/GoogleSignIn-iOS";
			requirement = {
				kind = upToNextMajorVersion;
				minimumVersion = 7.0.0;
			};
		};
		831362213CA78E09E3445E0D /* XCRemoteSwiftPackageReference "firebase-ios-sdk" */ = {
			isa = XCRemoteSwiftPackageReference;
			repositoryURL = "https://github.com/firebase/firebase-ios-sdk";
			requirement = {
				kind = upToNextMajorVersion;
				minimumVersion = 10.0.0;
			};
		};
/* End XCRemoteSwiftPackageReference section */

/* Begin XCSwiftPackageProductDependency section */
		12B20A4263C999B1E03D4BCF /* GoogleSignIn */ = {
			isa = XCSwiftPackageProductDependency;
			package = 6CAD4019157881CB311D02B4 /* XCRemoteSwiftPackageReference "GoogleSignIn-iOS" */;
			productName = GoogleSignIn;
		};
		1B89264ED8427AA1884CD79F /* GoogleSignInSwift */ = {
			isa = XCSwiftPackageProductDependency;
			package = 6CAD4019157881CB311D02B4 /* XCRemoteSwiftPackageReference "GoogleSignIn-iOS" */;
			productName = GoogleSignInSwift;
		};
		3B4C1002778B17BA4908884F /* FirebaseAuth */ = {
			isa = XCSwiftPackageProductDependency;
			package = 831362213CA78E09E3445E0D /* XCRemoteSwiftPackageReference "firebase-ios-sdk" */;
			productName = FirebaseAuth;
		};
		A0C475790AF84CCDDA031B1D /* FirebaseFirestore */ = {
			isa = XCSwiftPackageProductDependency;
			package = 831362213CA78E09E3445E0D /* XCRemoteSwiftPackageReference "firebase-ios-sdk" */;
			productName = FirebaseFirestore;
		};
/* End XCSwiftPackageProductDependency section */
	};
	rootObject = 5BC1290848A7ED6AB3139E40 /* Project object */;
}
